
Microsoft Visual Studio Solution File, Format Version 12.00
# Visual Studio Version 17
VisualStudioVersion = 17.9.34728.123
MinimumVisualStudioVersion = 10.0.40219.1
Project("{FAE04EC0-301F-11D3-BF4B-00C04F79EFBC}") = "Hubtel.WalletManagement.Api", "Hubtel.WalletManagement.Api\Hubtel.WalletManagement.Api.csproj", "{6EF284E9-C82E-4ADE-96FE-02856821F0CB}"
EndProject
Global
	GlobalSection(SolutionConfigurationPlatforms) = preSolution
		Debug|Any CPU = Debug|Any CPU
		Release|Any CPU = Release|Any CPU
	EndGlobalSection
	GlobalSection(ProjectConfigurationPlatforms) = postSolution
		{6EF284E9-C82E-4ADE-96FE-02856821F0CB}.Debug|Any CPU.ActiveCfg = Debug|Any CPU
		{6EF284E9-C82E-4ADE-96FE-02856821F0CB}.Debug|Any CPU.Build.0 = Debug|Any CPU
		{6EF284E9-C82E-4ADE-96FE-02856821F0CB}.Release|Any CPU.ActiveCfg = Release|Any CPU
		{6EF284E9-C82E-4ADE-96FE-02856821F0CB}.Release|Any CPU.Build.0 = Release|Any CPU
	EndGlobalSection
	GlobalSection(SolutionProperties) = preSolution
		HideSolutionNode = FALSE
	EndGlobalSection
	GlobalSection(ExtensibilityGlobals) = postSolution
		SolutionGuid = {EAC0B690-9803-4BD4-AEDF-9E1B6F5A6A20}
	EndGlobalSection
EndGlobal
